
Microsoft Visual Studio Solution File, Format Version 12.00
# Visual Studio Version 17
VisualStudioVersion = 17.4.33205.214
MinimumVisualStudioVersion = 10.0.40219.1
Project("{FAE04EC0-301F-11D3-BF4B-00C04F79EFBC}") = "MarchHare", "MarchHare.csproj", "{4AC3D704-5EB7-49AF-A33D-263047501C91}"
EndProject
Global
	GlobalSection(SolutionConfigurationPlatforms) = preSolution
		Debug|Any CPU = Debug|Any CPU
		Release|Any CPU = Release|Any CPU
	EndGlobalSection
	GlobalSection(ProjectConfigurationPlatforms) = postSolution
		{4AC3D704-5EB7-49AF-A33D-263047501C91}.Debug|Any CPU.ActiveCfg = Debug|Any CPU
		{4AC3D704-5EB7-49AF-A33D-263047501C91}.Debug|Any CPU.Build.0 = Debug|Any CPU
		{4AC3D704-5EB7-49AF-A33D-263047501C91}.Release|Any CPU.ActiveCfg = Release|Any CPU
		{4AC3D704-5EB7-49AF-A33D-263047501C91}.Release|Any CPU.Build.0 = Release|Any CPU
	EndGlobalSection
	GlobalSection(SolutionProperties) = preSolution
		HideSolutionNode = FALSE
	EndGlobalSection
	GlobalSection(ExtensibilityGlobals) = postSolution
		SolutionGuid = {011387C5-D356-46F8-96D3-AB39178228B4}
	EndGlobalSection
EndGlobal
